
Microsoft Visual Studio Solution File, Format Version 12.00
Project("{FAE04EC0-301F-11D3-BF4B-00C04F79EFBC}") = "ADChecker", "ADChecker\ADChecker.csproj", "{954833F2-DAE3-4A5D-B87D-D2ABCF197B51}"
EndProject
Global
	GlobalSection(SolutionConfigurationPlatforms) = preSolution
		Debug|Any CPU = Debug|Any CPU
		Release|Any CPU = Release|Any CPU
	EndGlobalSection
	GlobalSection(ProjectConfigurationPlatforms) = postSolution
		{954833F2-DAE3-4A5D-B87D-D2ABCF197B51}.Debug|Any CPU.ActiveCfg = Debug|Any CPU
		{954833F2-DAE3-4A5D-B87D-D2ABCF197B51}.Debug|Any CPU.Build.0 = Debug|Any CPU
		{954833F2-DAE3-4A5D-B87D-D2ABCF197B51}.Release|Any CPU.ActiveCfg = Release|Any CPU
		{954833F2-DAE3-4A5D-B87D-D2ABCF197B51}.Release|Any CPU.Build.0 = Release|Any CPU
	EndGlobalSection
EndGlobal
